
Microsoft Visual Studio Solution File, Format Version 12.00
# Visual Studio Version 16
VisualStudioVersion = 16.0.31105.61
MinimumVisualStudioVersion = 10.0.40219.1
Project("{9A19103F-16F7-4668-BE54-9A1E7A4F7556}") = "TikubiUp", "TikubiUp\TikubiUp.csproj", "{A26B9019-5570-4DE3-9587-19746A814A08}"
EndProject
Project("{9A19103F-16F7-4668-BE54-9A1E7A4F7556}") = "Tikubiken", "Tikubiken\Tikubiken.csproj", "{8D71715C-D17D-43E2-8B60-1180756D5F38}"
EndProject
Global
	GlobalSection(SolutionConfigurationPlatforms) = preSolution
		Debug|Any CPU = Debug|Any CPU
		Release|Any CPU = Release|Any CPU
	EndGlobalSection
	GlobalSection(ProjectConfigurationPlatforms) = postSolution
		{A26B9019-5570-4DE3-9587-19746A814A08}.Debug|Any CPU.ActiveCfg = Debug|Any CPU
		{A26B9019-5570-4DE3-9587-19746A814A08}.Debug|Any CPU.Build.0 = Debug|Any CPU
		{A26B9019-5570-4DE3-9587-19746A814A08}.Release|Any CPU.ActiveCfg = Release|Any CPU
		{A26B9019-5570-4DE3-9587-19746A814A08}.Release|Any CPU.Build.0 = Release|Any CPU
		{8D71715C-D17D-43E2-8B60-1180756D5F38}.Debug|Any CPU.ActiveCfg = Debug|Any CPU
		{8D71715C-D17D-43E2-8B60-1180756D5F38}.Debug|Any CPU.Build.0 = Debug|Any CPU
		{8D71715C-D17D-43E2-8B60-1180756D5F38}.Release|Any CPU.ActiveCfg = Release|Any CPU
		{8D71715C-D17D-43E2-8B60-1180756D5F38}.Release|Any CPU.Build.0 = Release|Any CPU
	EndGlobalSection
	GlobalSection(SolutionProperties) = preSolution
		HideSolutionNode = FALSE
	EndGlobalSection
	GlobalSection(ExtensibilityGlobals) = postSolution
		SolutionGuid = {80858BE9-A833-495C-9564-52BB819ECB15}
	EndGlobalSection
EndGlobal
